
Microsoft Visual Studio Solution File, Format Version 12.00
# Visual Studio Version 17
VisualStudioVersion = 17.10.34928.147
MinimumVisualStudioVersion = 10.0.40219.1
Project("{2150E333-8FDC-42A3-9474-1A3956D46DE8}") = "Core", "Core", "{2DD61F52-C5A5-417D-844A-72A54DC2B15D}"
EndProject
Project("{2150E333-8FDC-42A3-9474-1A3956D46DE8}") = "Infrastructure", "Infrastructure", "{E3DB34EE-18DD-4446-AE67-CADFDA9F2365}"
EndProject
Project("{2150E333-8FDC-42A3-9474-1A3956D46DE8}") = "Presentation", "Presentation", "{A3646F71-518D-4463-9470-DED87DB81CBB}"
EndProject
Project("{9A19103F-16F7-4668-BE54-9A1E7A4F7556}") = "ShopAPI.Domain", "Core\ShopAPI.Domain\ShopAPI.Domain.csproj", "{1E73C0A1-BF13-4B93-8897-9926816DBDC4}"
EndProject
Project("{9A19103F-16F7-4668-BE54-9A1E7A4F7556}") = "ShopAPI.Application", "Core\ShopAPI.Application\ShopAPI.Application.csproj", "{7760C42E-B413-4227-BBFD-7C4D6BDC7DC9}"
EndProject
Project("{9A19103F-16F7-4668-BE54-9A1E7A4F7556}") = "ShopAPI.Persistance", "Infrastructure\ShopAPI.Persistance\ShopAPI.Persistance.csproj", "{857C28E8-B27C-4823-8B30-090E0B616BAE}"
EndProject
Project("{9A19103F-16F7-4668-BE54-9A1E7A4F7556}") = "ShopAPI.Infrastructure", "Infrastructure\ShopAPI.Infrastructure\ShopAPI.Infrastructure.csproj", "{6C6E6BF9-424F-4C75-BC9C-D12C51AC4B02}"
EndProject
Project("{9A19103F-16F7-4668-BE54-9A1E7A4F7556}") = "ShopAPI.Web", "Presentation\ShopAPI.Web\ShopAPI.Web.csproj", "{DD073AD3-F141-4DA6-8C7F-3ABD7FCA46F2}"
EndProject
Project("{FAE04EC0-301F-11D3-BF4B-00C04F79EFBC}") = "ShopAPI.SignalR", "Infrastructure\ShopAPI.SignalR\ShopAPI.SignalR.csproj", "{E8867D62-FD0C-415A-BFF6-FC12D9CF7D7D}"
EndProject
Global
	GlobalSection(SolutionConfigurationPlatforms) = preSolution
		Debug|Any CPU = Debug|Any CPU
		Release|Any CPU = Release|Any CPU
	EndGlobalSection
	GlobalSection(ProjectConfigurationPlatforms) = postSolution
		{1E73C0A1-BF13-4B93-8897-9926816DBDC4}.Debug|Any CPU.ActiveCfg = Debug|Any CPU
		{1E73C0A1-BF13-4B93-8897-9926816DBDC4}.Debug|Any CPU.Build.0 = Debug|Any CPU
		{1E73C0A1-BF13-4B93-8897-9926816DBDC4}.Release|Any CPU.ActiveCfg = Release|Any CPU
		{1E73C0A1-BF13-4B93-8897-9926816DBDC4}.Release|Any CPU.Build.0 = Release|Any CPU
		{7760C42E-B413-4227-BBFD-7C4D6BDC7DC9}.Debug|Any CPU.ActiveCfg = Debug|Any CPU
		{7760C42E-B413-4227-BBFD-7C4D6BDC7DC9}.Debug|Any CPU.Build.0 = Debug|Any CPU
		{7760C42E-B413-4227-BBFD-7C4D6BDC7DC9}.Release|Any CPU.ActiveCfg = Release|Any CPU
		{7760C42E-B413-4227-BBFD-7C4D6BDC7DC9}.Release|Any CPU.Build.0 = Release|Any CPU
		{857C28E8-B27C-4823-8B30-090E0B616BAE}.Debug|Any CPU.ActiveCfg = Debug|Any CPU
		{857C28E8-B27C-4823-8B30-090E0B616BAE}.Debug|Any CPU.Build.0 = Debug|Any CPU
		{857C28E8-B27C-4823-8B30-090E0B616BAE}.Release|Any CPU.ActiveCfg = Release|Any CPU
		{857C28E8-B27C-4823-8B30-090E0B616BAE}.Release|Any CPU.Build.0 = Release|Any CPU
		{6C6E6BF9-424F-4C75-BC9C-D12C51AC4B02}.Debug|Any CPU.ActiveCfg = Debug|Any CPU
		{6C6E6BF9-424F-4C75-BC9C-D12C51AC4B02}.Debug|Any CPU.Build.0 = Debug|Any CPU
		{6C6E6BF9-424F-4C75-BC9C-D12C51AC4B02}.Release|Any CPU.ActiveCfg = Release|Any CPU
		{6C6E6BF9-424F-4C75-BC9C-D12C51AC4B02}.Release|Any CPU.Build.0 = Release|Any CPU
		{DD073AD3-F141-4DA6-8C7F-3ABD7FCA46F2}.Debug|Any CPU.ActiveCfg = Debug|Any CPU
		{DD073AD3-F141-4DA6-8C7F-3ABD7FCA46F2}.Debug|Any CPU.Build.0 = Debug|Any CPU
		{DD073AD3-F141-4DA6-8C7F-3ABD7FCA46F2}.Release|Any CPU.ActiveCfg = Release|Any CPU
		{DD073AD3-F141-4DA6-8C7F-3ABD7FCA46F2}.Release|Any CPU.Build.0 = Release|Any CPU
		{E8867D62-FD0C-415A-BFF6-FC12D9CF7D7D}.Debug|Any CPU.ActiveCfg = Debug|Any CPU
		{E8867D62-FD0C-415A-BFF6-FC12D9CF7D7D}.Debug|Any CPU.Build.0 = Debug|Any CPU
		{E8867D62-FD0C-415A-BFF6-FC12D9CF7D7D}.Release|Any CPU.ActiveCfg = Release|Any CPU
		{E8867D62-FD0C-415A-BFF6-FC12D9CF7D7D}.Release|Any CPU.Build.0 = Release|Any CPU
	EndGlobalSection
	GlobalSection(SolutionProperties) = preSolution
		HideSolutionNode = FALSE
	EndGlobalSection
	GlobalSection(NestedProjects) = preSolution
		{1E73C0A1-BF13-4B93-8897-9926816DBDC4} = {2DD61F52-C5A5-417D-844A-72A54DC2B15D}
		{7760C42E-B413-4227-BBFD-7C4D6BDC7DC9} = {2DD61F52-C5A5-417D-844A-72A54DC2B15D}
		{857C28E8-B27C-4823-8B30-090E0B616BAE} = {E3DB34EE-18DD-4446-AE67-CADFDA9F2365}
		{6C6E6BF9-424F-4C75-BC9C-D12C51AC4B02} = {E3DB34EE-18DD-4446-AE67-CADFDA9F2365}
		{DD073AD3-F141-4DA6-8C7F-3ABD7FCA46F2} = {A3646F71-518D-4463-9470-DED87DB81CBB}
		{E8867D62-FD0C-415A-BFF6-FC12D9CF7D7D} = {E3DB34EE-18DD-4446-AE67-CADFDA9F2365}
	EndGlobalSection
	GlobalSection(ExtensibilityGlobals) = postSolution
		SolutionGuid = {15D59F83-0F37-41E2-98B7-4DAB4489B54C}
	EndGlobalSection
EndGlobal
